
Microsoft Visual Studio Solution File, Format Version 12.00
# Visual Studio Version 17
VisualStudioVersion = 17.10.35013.160
MinimumVisualStudioVersion = 10.0.40219.1
Project("{9A19103F-16F7-4668-BE54-9A1E7A4F7556}") = "WebApp_UnderKo", "WebApp_UnderKo\WebApp_UnderKo.csproj", "{8D2BE12E-4823-4648-8D31-3A67C7097AA1}"
EndProject
Project("{9A19103F-16F7-4668-BE54-9A1E7A4F7556}") = "WebApp_Socket", "WebApp_Socket\WebApp_Socket.csproj", "{5FC61EC3-4E89-471C-B313-3EEA9BDC9EB7}"
EndProject
Project("{9A19103F-16F7-4668-BE54-9A1E7A4F7556}") = "YoutubeExplode", "..\YoutubeExplode\YoutubeExplode\YoutubeExplode.csproj", "{EB9CF318-4A44-4DB8-BFE7-C5B9107E5868}"
EndProject
Project("{2150E333-8FDC-42A3-9474-1A3956D46DE8}") = "Data", "Data", "{B6F195E5-BA4E-4F28-A4D1-805EB5D8BF78}"
	ProjectSection(SolutionItems) = preProject
		TextFile1.txt = TextFile1.txt
	EndProjectSection
EndProject
Global
	GlobalSection(SolutionConfigurationPlatforms) = preSolution
		Debug|Any CPU = Debug|Any CPU
		Release|Any CPU = Release|Any CPU
	EndGlobalSection
	GlobalSection(ProjectConfigurationPlatforms) = postSolution
		{8D2BE12E-4823-4648-8D31-3A67C7097AA1}.Debug|Any CPU.ActiveCfg = Debug|Any CPU
		{8D2BE12E-4823-4648-8D31-3A67C7097AA1}.Debug|Any CPU.Build.0 = Debug|Any CPU
		{8D2BE12E-4823-4648-8D31-3A67C7097AA1}.Release|Any CPU.ActiveCfg = Release|Any CPU
		{8D2BE12E-4823-4648-8D31-3A67C7097AA1}.Release|Any CPU.Build.0 = Release|Any CPU
		{5FC61EC3-4E89-471C-B313-3EEA9BDC9EB7}.Debug|Any CPU.ActiveCfg = Debug|Any CPU
		{5FC61EC3-4E89-471C-B313-3EEA9BDC9EB7}.Debug|Any CPU.Build.0 = Debug|Any CPU
		{5FC61EC3-4E89-471C-B313-3EEA9BDC9EB7}.Release|Any CPU.ActiveCfg = Release|Any CPU
		{5FC61EC3-4E89-471C-B313-3EEA9BDC9EB7}.Release|Any CPU.Build.0 = Release|Any CPU
		{EB9CF318-4A44-4DB8-BFE7-C5B9107E5868}.Debug|Any CPU.ActiveCfg = Debug|Any CPU
		{EB9CF318-4A44-4DB8-BFE7-C5B9107E5868}.Debug|Any CPU.Build.0 = Debug|Any CPU
		{EB9CF318-4A44-4DB8-BFE7-C5B9107E5868}.Release|Any CPU.ActiveCfg = Release|Any CPU
		{EB9CF318-4A44-4DB8-BFE7-C5B9107E5868}.Release|Any CPU.Build.0 = Release|Any CPU
	EndGlobalSection
	GlobalSection(SolutionProperties) = preSolution
		HideSolutionNode = FALSE
	EndGlobalSection
	GlobalSection(ExtensibilityGlobals) = postSolution
		SolutionGuid = {A78B395D-E41F-4ED4-BE6E-56BC28E339C5}
	EndGlobalSection
EndGlobal
